
Microsoft Visual Studio Solution File, Format Version 12.00
# Visual Studio 15
VisualStudioVersion = 15.0.26124.0
MinimumVisualStudioVersion = 15.0.26124.0
Project("{2150E333-8FDC-42A3-9474-1A3956D46DE8}") = "src", "src", "{7F3973A3-C85C-46B2-B188-897A5BD03544}"
EndProject
Project("{FAE04EC0-301F-11D3-BF4B-00C04F79EFBC}") = "GradeBook", "src\GradeBook\GradeBook.csproj", "{FE07F4B3-95E8-4189-A0F8-F346920E2480}"
EndProject
Project("{2150E333-8FDC-42A3-9474-1A3956D46DE8}") = "test", "test", "{E0B2F00B-F960-4826-BD47-B46B8F44650C}"
EndProject
Project("{FAE04EC0-301F-11D3-BF4B-00C04F79EFBC}") = "GradeBook.Tests", "test\GradeBook.Tests\GradeBook.Tests.csproj", "{2E5DB872-5680-41D0-A35A-76CC01D51E71}"
EndProject
Global
	GlobalSection(SolutionConfigurationPlatforms) = preSolution
		Debug|Any CPU = Debug|Any CPU
		Debug|x64 = Debug|x64
		Debug|x86 = Debug|x86
		Release|Any CPU = Release|Any CPU
		Release|x64 = Release|x64
		Release|x86 = Release|x86
	EndGlobalSection
	GlobalSection(SolutionProperties) = preSolution
		HideSolutionNode = FALSE
	EndGlobalSection
	GlobalSection(ProjectConfigurationPlatforms) = postSolution
		{FE07F4B3-95E8-4189-A0F8-F346920E2480}.Debug|Any CPU.ActiveCfg = Debug|Any CPU
		{FE07F4B3-95E8-4189-A0F8-F346920E2480}.Debug|Any CPU.Build.0 = Debug|Any CPU
		{FE07F4B3-95E8-4189-A0F8-F346920E2480}.Debug|x64.ActiveCfg = Debug|Any CPU
		{FE07F4B3-95E8-4189-A0F8-F346920E2480}.Debug|x64.Build.0 = Debug|Any CPU
		{FE07F4B3-95E8-4189-A0F8-F346920E2480}.Debug|x86.ActiveCfg = Debug|Any CPU
		{FE07F4B3-95E8-4189-A0F8-F346920E2480}.Debug|x86.Build.0 = Debug|Any CPU
		{FE07F4B3-95E8-4189-A0F8-F346920E2480}.Release|Any CPU.ActiveCfg = Release|Any CPU
		{FE07F4B3-95E8-4189-A0F8-F346920E2480}.Release|Any CPU.Build.0 = Release|Any CPU
		{FE07F4B3-95E8-4189-A0F8-F346920E2480}.Release|x64.ActiveCfg = Release|Any CPU
		{FE07F4B3-95E8-4189-A0F8-F346920E2480}.Release|x64.Build.0 = Release|Any CPU
		{FE07F4B3-95E8-4189-A0F8-F346920E2480}.Release|x86.ActiveCfg = Release|Any CPU
		{FE07F4B3-95E8-4189-A0F8-F346920E2480}.Release|x86.Build.0 = Release|Any CPU
		{2E5DB872-5680-41D0-A35A-76CC01D51E71}.Debug|Any CPU.ActiveCfg = Debug|Any CPU
		{2E5DB872-5680-41D0-A35A-76CC01D51E71}.Debug|Any CPU.Build.0 = Debug|Any CPU
		{2E5DB872-5680-41D0-A35A-76CC01D51E71}.Debug|x64.ActiveCfg = Debug|Any CPU
		{2E5DB872-5680-41D0-A35A-76CC01D51E71}.Debug|x64.Build.0 = Debug|Any CPU
		{2E5DB872-5680-41D0-A35A-76CC01D51E71}.Debug|x86.ActiveCfg = Debug|Any CPU
		{2E5DB872-5680-41D0-A35A-76CC01D51E71}.Debug|x86.Build.0 = Debug|Any CPU
		{2E5DB872-5680-41D0-A35A-76CC01D51E71}.Release|Any CPU.ActiveCfg = Release|Any CPU
		{2E5DB872-5680-41D0-A35A-76CC01D51E71}.Release|Any CPU.Build.0 = Release|Any CPU
		{2E5DB872-5680-41D0-A35A-76CC01D51E71}.Release|x64.ActiveCfg = Release|Any CPU
		{2E5DB872-5680-41D0-A35A-76CC01D51E71}.Release|x64.Build.0 = Release|Any CPU
		{2E5DB872-5680-41D0-A35A-76CC01D51E71}.Release|x86.ActiveCfg = Release|Any CPU
		{2E5DB872-5680-41D0-A35A-76CC01D51E71}.Release|x86.Build.0 = Release|Any CPU
	EndGlobalSection
	GlobalSection(NestedProjects) = preSolution
		{FE07F4B3-95E8-4189-A0F8-F346920E2480} = {7F3973A3-C85C-46B2-B188-897A5BD03544}
		{2E5DB872-5680-41D0-A35A-76CC01D51E71} = {E0B2F00B-F960-4826-BD47-B46B8F44650C}
	EndGlobalSection
EndGlobal
